
Microsoft Visual Studio Solution File, Format Version 12.00
# Visual Studio Version 17
VisualStudioVersion = 17.8.34330.188
MinimumVisualStudioVersion = 10.0.40219.1
Project("{2150E333-8FDC-42A3-9474-1A3956D46DE8}") = "Source", "Source", "{36C68370-A8C7-493F-9750-06BACA72A77D}"
EndProject
Project("{FAE04EC0-301F-11D3-BF4B-00C04F79EFBC}") = "PawPlace", "Source\PawPlace\PawPlace.csproj", "{2398D678-5793-4DC1-9E3A-1A94F4ED04EE}"
EndProject
Global
	GlobalSection(SolutionConfigurationPlatforms) = preSolution
		Debug|Any CPU = Debug|Any CPU
		Release|Any CPU = Release|Any CPU
	EndGlobalSection
	GlobalSection(ProjectConfigurationPlatforms) = postSolution
		{2398D678-5793-4DC1-9E3A-1A94F4ED04EE}.Debug|Any CPU.ActiveCfg = Debug|Any CPU
		{2398D678-5793-4DC1-9E3A-1A94F4ED04EE}.Debug|Any CPU.Build.0 = Debug|Any CPU
		{2398D678-5793-4DC1-9E3A-1A94F4ED04EE}.Release|Any CPU.ActiveCfg = Release|Any CPU
		{2398D678-5793-4DC1-9E3A-1A94F4ED04EE}.Release|Any CPU.Build.0 = Release|Any CPU
	EndGlobalSection
	GlobalSection(SolutionProperties) = preSolution
		HideSolutionNode = FALSE
	EndGlobalSection
	GlobalSection(NestedProjects) = preSolution
		{2398D678-5793-4DC1-9E3A-1A94F4ED04EE} = {36C68370-A8C7-493F-9750-06BACA72A77D}
	EndGlobalSection
	GlobalSection(ExtensibilityGlobals) = postSolution
		SolutionGuid = {621B4F34-8891-4842-961C-F1BE00BA0EFB}
	EndGlobalSection
EndGlobal
